// !$*UTF8*$!
{
	archiveVersion = 1;
	classes = {
	};
	objectVersion = 50;
	objects = {

/* Begin PBXBuildFile section */
		944AF18C21D04F13003CAD03 /* Team.swift in Sources */ = {isa = PBXBuildFile; fileRef = 944AF18B21D04F13003CAD03 /* Team.swift */; };
		944AF18E21D04F23003CAD03 /* Character.swift in Sources */ = {isa = PBXBuildFile; fileRef = 944AF18D21D04F23003CAD03 /* Character.swift */; };
		944AF19021D04F34003CAD03 /* Fighter.swift in Sources */ = {isa = PBXBuildFile; fileRef = 944AF18F21D04F34003CAD03 /* Fighter.swift */; };
		944AF19221D04F46003CAD03 /* Mage.swift in Sources */ = {isa = PBXBuildFile; fileRef = 944AF19121D04F46003CAD03 /* Mage.swift */; };
		944AF19421D04F53003CAD03 /* Colossus.swift in Sources */ = {isa = PBXBuildFile; fileRef = 944AF19321D04F53003CAD03 /* Colossus.swift */; };
		944AF19621D04F61003CAD03 /* Dwarf.swift in Sources */ = {isa = PBXBuildFile; fileRef = 944AF19521D04F61003CAD03 /* Dwarf.swift */; };
		944AF1A021D04FA4003CAD03 /* SpellOn.swift in Sources */ = {isa = PBXBuildFile; fileRef = 944AF19F21D04FA4003CAD03 /* SpellOn.swift */; };
		944AF1A221D04FB3003CAD03 /* Game.swift in Sources */ = {isa = PBXBuildFile; fileRef = 944AF1A121D04FB3003CAD03 /* Game.swift */; };
		944AF1A621D0503F003CAD03 /* Punch.swift in Sources */ = {isa = PBXBuildFile; fileRef = 944AF1A521D0503F003CAD03 /* Punch.swift */; };
		944AF1A821D05058003CAD03 /* Weapon.swift in Sources */ = {isa = PBXBuildFile; fileRef = 944AF1A721D05058003CAD03 /* Weapon.swift */; };
		944AF1AA21D05071003CAD03 /* Axe.swift in Sources */ = {isa = PBXBuildFile; fileRef = 944AF1A921D05071003CAD03 /* Axe.swift */; };
		944AF1AC21D0508C003CAD03 /* Sword.swift in Sources */ = {isa = PBXBuildFile; fileRef = 944AF1AB21D0508C003CAD03 /* Sword.swift */; };
		94C6651F21CAF10C00C77C90 /* main.swift in Sources */ = {isa = PBXBuildFile; fileRef = 9466264621C92DD10088F2F5 /* main.swift */; };
/* End PBXBuildFile section */

/* Begin PBXCopyFilesBuildPhase section */
		9466264121C92DD10088F2F5 /* CopyFiles */ = {
			isa = PBXCopyFilesBuildPhase;
			buildActionMask = 2147483647;
			dstPath = /usr/share/man/man1/;
			dstSubfolderSpec = 0;
			files = (
			);
			runOnlyForDeploymentPostprocessing = 1;
		};
/* End PBXCopyFilesBuildPhase section */

/* Begin PBXFileReference section */
		944AF18B21D04F13003CAD03 /* Team.swift */ = {isa = PBXFileReference; lastKnownFileType = sourcecode.swift; path = Team.swift; sourceTree = "<group>"; };
		944AF18D21D04F23003CAD03 /* Character.swift */ = {isa = PBXFileReference; lastKnownFileType = sourcecode.swift; path = Character.swift; sourceTree = "<group>"; };
		944AF18F21D04F34003CAD03 /* Fighter.swift */ = {isa = PBXFileReference; lastKnownFileType = sourcecode.swift; path = Fighter.swift; sourceTree = "<group>"; };
		944AF19121D04F46003CAD03 /* Mage.swift */ = {isa = PBXFileReference; lastKnownFileType = sourcecode.swift; path = Mage.swift; sourceTree = "<group>"; };
		944AF19321D04F53003CAD03 /* Colossus.swift */ = {isa = PBXFileReference; lastKnownFileType = sourcecode.swift; path = Colossus.swift; sourceTree = "<group>"; };
		944AF19521D04F61003CAD03 /* Dwarf.swift */ = {isa = PBXFileReference; lastKnownFileType = sourcecode.swift; path = Dwarf.swift; sourceTree = "<group>"; };
		944AF19F21D04FA4003CAD03 /* SpellOn.swift */ = {isa = PBXFileReference; lastKnownFileType = sourcecode.swift; path = SpellOn.swift; sourceTree = "<group>"; };
		944AF1A121D04FB3003CAD03 /* Game.swift */ = {isa = PBXFileReference; lastKnownFileType = sourcecode.swift; path = Game.swift; sourceTree = "<group>"; };
		944AF1A521D0503F003CAD03 /* Punch.swift */ = {isa = PBXFileReference; lastKnownFileType = sourcecode.swift; path = Punch.swift; sourceTree = "<group>"; };
		944AF1A721D05058003CAD03 /* Weapon.swift */ = {isa = PBXFileReference; lastKnownFileType = sourcecode.swift; path = Weapon.swift; sourceTree = "<group>"; };
		944AF1A921D05071003CAD03 /* Axe.swift */ = {isa = PBXFileReference; lastKnownFileType = sourcecode.swift; path = Axe.swift; sourceTree = "<group>"; };
		944AF1AB21D0508C003CAD03 /* Sword.swift */ = {isa = PBXFileReference; lastKnownFileType = sourcecode.swift; path = Sword.swift; sourceTree = "<group>"; };
		9466264321C92DD10088F2F5 /* monSuperRPG */ = {isa = PBXFileReference; explicitFileType = "compiled.mach-o.executable"; includeInIndex = 0; path = monSuperRPG; sourceTree = BUILT_PRODUCTS_DIR; };
		9466264621C92DD10088F2F5 /* main.swift */ = {isa = PBXFileReference; lastKnownFileType = sourcecode.swift; path = main.swift; sourceTree = "<group>"; usesTabs = 0; };
/* End PBXFileReference section */

/* Begin PBXFrameworksBuildPhase section */
		9466264021C92DD10088F2F5 /* Frameworks */ = {
			isa = PBXFrameworksBuildPhase;
			buildActionMask = 2147483647;
			files = (
			);
			runOnlyForDeploymentPostprocessing = 0;
		};
/* End PBXFrameworksBuildPhase section */

/* Begin PBXGroup section */
		944AF1A321D04FC5003CAD03 /* Weapons */ = {
			isa = PBXGroup;
			children = (
				944AF1AB21D0508C003CAD03 /* Sword.swift */,
				944AF1A921D05071003CAD03 /* Axe.swift */,
				944AF1A721D05058003CAD03 /* Weapon.swift */,
				944AF1A521D0503F003CAD03 /* Punch.swift */,
				944AF19F21D04FA4003CAD03 /* SpellOn.swift */,
			);
			path = Weapons;
			sourceTree = "<group>";
		};
		944AF1A421D04FCF003CAD03 /* Characters */ = {
			isa = PBXGroup;
			children = (
				944AF18D21D04F23003CAD03 /* Character.swift */,
				944AF19321D04F53003CAD03 /* Colossus.swift */,
				944AF19521D04F61003CAD03 /* Dwarf.swift */,
				944AF18F21D04F34003CAD03 /* Fighter.swift */,
				944AF19121D04F46003CAD03 /* Mage.swift */,
			);
			path = Characters;
			sourceTree = "<group>";
		};
		9466263A21C92DD10088F2F5 = {
			isa = PBXGroup;
			children = (
				9466264521C92DD10088F2F5 /* monSuperRPG */,
				9466264421C92DD10088F2F5 /* Products */,
			);
			sourceTree = "<group>";
		};
		9466264421C92DD10088F2F5 /* Products */ = {
			isa = PBXGroup;
			children = (
				9466264321C92DD10088F2F5 /* monSuperRPG */,
			);
			name = Products;
			sourceTree = "<group>";
		};
		9466264521C92DD10088F2F5 /* monSuperRPG */ = {
			isa = PBXGroup;
			children = (
				944AF1A121D04FB3003CAD03 /* Game.swift */,
				9466264621C92DD10088F2F5 /* main.swift */,
				944AF18B21D04F13003CAD03 /* Team.swift */,
				944AF1A421D04FCF003CAD03 /* Characters */,
				944AF1A321D04FC5003CAD03 /* Weapons */,
			);
			path = monSuperRPG;
			sourceTree = "<group>";
		};
/* End PBXGroup section */

/* Begin PBXNativeTarget section */
		9466264221C92DD10088F2F5 /* monSuperRPG */ = {
			isa = PBXNativeTarget;
			buildConfigurationList = 9466264A21C92DD10088F2F5 /* Build configuration list for PBXNativeTarget "monSuperRPG" */;
			buildPhases = (
				9466263F21C92DD10088F2F5 /* Sources */,
				9466264021C92DD10088F2F5 /* Frameworks */,
				9466264121C92DD10088F2F5 /* CopyFiles */,
			);
			buildRules = (
			);
			dependencies = (
			);
			name = monSuperRPG;
			productName = monSuperRPG;
			productReference = 9466264321C92DD10088F2F5 /* monSuperRPG */;
			productType = "com.apple.product-type.tool";
		};
/* End PBXNativeTarget section */

/* Begin PBXProject section */
		9466263B21C92DD10088F2F5 /* Project object */ = {
			isa = PBXProject;
			attributes = {
				LastSwiftUpdateCheck = 1010;
				LastUpgradeCheck = 1010;
				ORGANIZATIONNAME = "Paul Leclerc";
				TargetAttributes = {
					9466264221C92DD10088F2F5 = {
						CreatedOnToolsVersion = 10.1;
					};
				};
			};
			buildConfigurationList = 9466263E21C92DD10088F2F5 /* Build configuration list for PBXProject "monSuperRPG" */;
			compatibilityVersion = "Xcode 9.3";
			developmentRegion = en;
			hasScannedForEncodings = 0;
			knownRegions = (
				en,
			);
			mainGroup = 9466263A21C92DD10088F2F5;
			productRefGroup = 9466264421C92DD10088F2F5 /* Products */;
			projectDirPath = "";
			projectRoot = "";
			targets = (
				9466264221C92DD10088F2F5 /* monSuperRPG */,
			);
		};
/* End PBXProject section */

/* Begin PBXSourcesBuildPhase section */
		9466263F21C92DD10088F2F5 /* Sources */ = {
			isa = PBXSourcesBuildPhase;
			buildActionMask = 2147483647;
			files = (
				944AF19221D04F46003CAD03 /* Mage.swift in Sources */,
				944AF1AA21D05071003CAD03 /* Axe.swift in Sources */,
				944AF1A221D04FB3003CAD03 /* Game.swift in Sources */,
				944AF18E21D04F23003CAD03 /* Character.swift in Sources */,
				944AF1A821D05058003CAD03 /* Weapon.swift in Sources */,
				944AF1A621D0503F003CAD03 /* Punch.swift in Sources */,
				944AF19021D04F34003CAD03 /* Fighter.swift in Sources */,
				944AF18C21D04F13003CAD03 /* Team.swift in Sources */,
				944AF19421D04F53003CAD03 /* Colossus.swift in Sources */,
				944AF19621D04F61003CAD03 /* Dwarf.swift in Sources */,
				94C6651F21CAF10C00C77C90 /* main.swift in Sources */,
				944AF1AC21D0508C003CAD03 /* Sword.swift in Sources */,
				944AF1A021D04FA4003CAD03 /* SpellOn.swift in Sources */,
			);
			runOnlyForDeploymentPostprocessing = 0;
		};
/* End PBXSourcesBuildPhase section */

/* Begin XCBuildConfiguration section */
		9466264821C92DD10088F2F5 /* Debug */ = {
			isa = XCBuildConfiguration;
			buildSettings = {
				ALWAYS_SEARCH_USER_PATHS = NO;
				CLANG_ANALYZER_NONNULL = YES;
				CLANG_ANALYZER_NUMBER_OBJECT_CONVERSION = YES_AGGRESSIVE;
				CLANG_CXX_LANGUAGE_STANDARD = "gnu++14";
				CLANG_CXX_LIBRARY = "libc++";
				CLANG_ENABLE_MODULES = YES;
				CLANG_ENABLE_OBJC_ARC = YES;
				CLANG_ENABLE_OBJC_WEAK = YES;
				CLANG_WARN_BLOCK_CAPTURE_AUTORELEASING = YES;
				CLANG_WARN_BOOL_CONVERSION = YES;
				CLANG_WARN_COMMA = YES;
				CLANG_WARN_CONSTANT_CONVERSION = YES;
				CLANG_WARN_DEPRECATED_OBJC_IMPLEMENTATIONS = YES;
				CLANG_WARN_DIRECT_OBJC_ISA_USAGE = YES_ERROR;
				CLANG_WARN_DOCUMENTATION_COMMENTS = YES;
				CLANG_WARN_EMPTY_BODY = YES;
				CLANG_WARN_ENUM_CONVERSION = YES;
				CLANG_WARN_INFINITE_RECURSION = YES;
				CLANG_WARN_INT_CONVERSION = YES;
				CLANG_WARN_NON_LITERAL_NULL_CONVERSION = YES;
				CLANG_WARN_OBJC_IMPLICIT_RETAIN_SELF = YES;
				CLANG_WARN_OBJC_LITERAL_CONVERSION = YES;
				CLANG_WARN_OBJC_ROOT_CLASS = YES_ERROR;
				CLANG_WARN_RANGE_LOOP_ANALYSIS = YES;
				CLANG_WARN_STRICT_PROTOTYPES = YES;
				CLANG_WARN_SUSPICIOUS_MOVE = YES;
				CLANG_WARN_UNGUARDED_AVAILABILITY = YES_AGGRESSIVE;
				CLANG_WARN_UNREACHABLE_CODE = YES;
				CLANG_WARN__DUPLICATE_METHOD_MATCH = YES;
				CODE_SIGN_IDENTITY = "Mac Developer";
				COPY_PHASE_STRIP = NO;
				DEBUG_INFORMATION_FORMAT = dwarf;
				ENABLE_STRICT_OBJC_MSGSEND = YES;
				ENABLE_TESTABILITY = YES;
				GCC_C_LANGUAGE_STANDARD = gnu11;
				GCC_DYNAMIC_NO_PIC = NO;
				GCC_NO_COMMON_BLOCKS = YES;
				GCC_OPTIMIZATION_LEVEL = 0;
				GCC_PREPROCESSOR_DEFINITIONS = (
					"DEBUG=1",
					"$(inherited)",
				);
				GCC_WARN_64_TO_32_BIT_CONVERSION = YES;
				GCC_WARN_ABOUT_RETURN_TYPE = YES_ERROR;
				GCC_WARN_UNDECLARED_SELECTOR = YES;
				GCC_WARN_UNINITIALIZED_AUTOS = YES_AGGRESSIVE;
				GCC_WARN_UNUSED_FUNCTION = YES;
				GCC_WARN_UNUSED_VARIABLE = YES;
				MACOSX_DEPLOYMENT_TARGET = 10.14;
				MTL_ENABLE_DEBUG_INFO = INCLUDE_SOURCE;
				MTL_FAST_MATH = YES;
				ONLY_ACTIVE_ARCH = YES;
				SDKROOT = macosx;
				SWIFT_ACTIVE_COMPILATION_CONDITIONS = DEBUG;
				SWIFT_OPTIMIZATION_LEVEL = "-Onone";
			};
			name = Debug;
		};
		9466264921C92DD10088F2F5 /* Release */ = {
			isa = XCBuildConfiguration;
			buildSettings = {
				ALWAYS_SEARCH_USER_PATHS = NO;
				CLANG_ANALYZER_NONNULL = YES;
				CLANG_ANALYZER_NUMBER_OBJECT_CONVERSION = YES_AGGRESSIVE;
				CLANG_CXX_LANGUAGE_STANDARD = "gnu++14";
				CLANG_CXX_LIBRARY = "libc++";
				CLANG_ENABLE_MODULES = YES;
				CLANG_ENABLE_OBJC_ARC = YES;
				CLANG_ENABLE_OBJC_WEAK = YES;
				CLANG_WARN_BLOCK_CAPTURE_AUTORELEASING = YES;
				CLANG_WARN_BOOL_CONVERSION = YES;
				CLANG_WARN_COMMA = YES;
				CLANG_WARN_CONSTANT_CONVERSION = YES;
				CLANG_WARN_DEPRECATED_OBJC_IMPLEMENTATIONS = YES;
				CLANG_WARN_DIRECT_OBJC_ISA_USAGE = YES_ERROR;
				CLANG_WARN_DOCUMENTATION_COMMENTS = YES;
				CLANG_WARN_EMPTY_BODY = YES;
				CLANG_WARN_ENUM_CONVERSION = YES;
				CLANG_WARN_INFINITE_RECURSION = YES;
				CLANG_WARN_INT_CONVERSION = YES;
				CLANG_WARN_NON_LITERAL_NULL_CONVERSION = YES;
				CLANG_WARN_OBJC_IMPLICIT_RETAIN_SELF = YES;
				CLANG_WARN_OBJC_LITERAL_CONVERSION = YES;
				CLANG_WARN_OBJC_ROOT_CLASS = YES_ERROR;
				CLANG_WARN_RANGE_LOOP_ANALYSIS = YES;
				CLANG_WARN_STRICT_PROTOTYPES = YES;
				CLANG_WARN_SUSPICIOUS_MOVE = YES;
				CLANG_WARN_UNGUARDED_AVAILABILITY = YES_AGGRESSIVE;
				CLANG_WARN_UNREACHABLE_CODE = YES;
				CLANG_WARN__DUPLICATE_METHOD_MATCH = YES;
				CODE_SIGN_IDENTITY = "Mac Developer";
				COPY_PHASE_STRIP = NO;
				DEBUG_INFORMATION_FORMAT = "dwarf-with-dsym";
				ENABLE_NS_ASSERTIONS = NO;
				ENABLE_STRICT_OBJC_MSGSEND = YES;
				GCC_C_LANGUAGE_STANDARD = gnu11;
				GCC_NO_COMMON_BLOCKS = YES;
				GCC_WARN_64_TO_32_BIT_CONVERSION = YES;
				GCC_WARN_ABOUT_RETURN_TYPE = YES_ERROR;
				GCC_WARN_UNDECLARED_SELECTOR = YES;
				GCC_WARN_UNINITIALIZED_AUTOS = YES_AGGRESSIVE;
				GCC_WARN_UNUSED_FUNCTION = YES;
				GCC_WARN_UNUSED_VARIABLE = YES;
				MACOSX_DEPLOYMENT_TARGET = 10.14;
				MTL_ENABLE_DEBUG_INFO = NO;
				MTL_FAST_MATH = YES;
				SDKROOT = macosx;
				SWIFT_COMPILATION_MODE = wholemodule;
				SWIFT_OPTIMIZATION_LEVEL = "-O";
			};
			name = Release;
		};
		9466264B21C92DD10088F2F5 /* Debug */ = {
			isa = XCBuildConfiguration;
			buildSettings = {
				CODE_SIGN_STYLE = Automatic;
				DEVELOPMENT_TEAM = QW59HMZCU4;
				PRODUCT_NAME = "$(TARGET_NAME)";
				SWIFT_VERSION = 4.2;
			};
			name = Debug;
		};
		9466264C21C92DD10088F2F5 /* Release */ = {
			isa = XCBuildConfiguration;
			buildSettings = {
				CODE_SIGN_STYLE = Automatic;
				DEVELOPMENT_TEAM = QW59HMZCU4;
				PRODUCT_NAME = "$(TARGET_NAME)";
				SWIFT_VERSION = 4.2;
			};
			name = Release;
		};
/* End XCBuildConfiguration section */

/* Begin XCConfigurationList section */
		9466263E21C92DD10088F2F5 /* Build configuration list for PBXProject "monSuperRPG" */ = {
			isa = XCConfigurationList;
			buildConfigurations = (
				9466264821C92DD10088F2F5 /* Debug */,
				9466264921C92DD10088F2F5 /* Release */,
			);
			defaultConfigurationIsVisible = 0;
			defaultConfigurationName = Release;
		};
		9466264A21C92DD10088F2F5 /* Build configuration list for PBXNativeTarget "monSuperRPG" */ = {
			isa = XCConfigurationList;
			buildConfigurations = (
				9466264B21C92DD10088F2F5 /* Debug */,
				9466264C21C92DD10088F2F5 /* Release */,
			);
			defaultConfigurationIsVisible = 0;
			defaultConfigurationName = Release;
		};
/* End XCConfigurationList section */
	};
	rootObject = 9466263B21C92DD10088F2F5 /* Project object */;
}
